
Microsoft Visual Studio Solution File, Format Version 12.00
# Visual Studio Version 17
VisualStudioVersion = 17.6.33801.468
MinimumVisualStudioVersion = 10.0.40219.1
Project("{FAE04EC0-301F-11D3-BF4B-00C04F79EFBC}") = "memory-cache-synchronization", "memory-cache-synchronization.csproj", "{EE738A87-7995-48C0-BEEF-3344B6702C64}"
EndProject
Global
	GlobalSection(SolutionConfigurationPlatforms) = preSolution
		Debug|Any CPU = Debug|Any CPU
		Release|Any CPU = Release|Any CPU
	EndGlobalSection
	GlobalSection(ProjectConfigurationPlatforms) = postSolution
		{EE738A87-7995-48C0-BEEF-3344B6702C64}.Debug|Any CPU.ActiveCfg = Debug|Any CPU
		{EE738A87-7995-48C0-BEEF-3344B6702C64}.Debug|Any CPU.Build.0 = Debug|Any CPU
		{EE738A87-7995-48C0-BEEF-3344B6702C64}.Release|Any CPU.ActiveCfg = Release|Any CPU
		{EE738A87-7995-48C0-BEEF-3344B6702C64}.Release|Any CPU.Build.0 = Release|Any CPU
	EndGlobalSection
	GlobalSection(SolutionProperties) = preSolution
		HideSolutionNode = FALSE
	EndGlobalSection
	GlobalSection(ExtensibilityGlobals) = postSolution
		SolutionGuid = {839F85D7-49EE-45E7-BE57-982CD8E8E2F9}
	EndGlobalSection
EndGlobal
